
Microsoft Visual Studio Solution File, Format Version 12.00
# Visual Studio Version 16
VisualStudioVersion = 16.0.33328.57
MinimumVisualStudioVersion = 10.0.40219.1
Project("{FAE04EC0-301F-11D3-BF4B-00C04F79EFBC}") = "ERSProject", "ERSProject\ERSProject.csproj", "{A88A3C68-DD11-4C24-B737-232707C8F4DA}"
EndProject
Project("{2150E333-8FDC-42A3-9474-1A3956D46DE8}") = "Solution Items", "Solution Items", "{37788A67-AF0A-4A22-8169-1ADED87570BA}"
	ProjectSection(SolutionItems) = preProject
		ERSProject\Source\podaci.csv = ERSProject\Source\podaci.csv
	EndProjectSection
EndProject
Global
	GlobalSection(SolutionConfigurationPlatforms) = preSolution
		Debug|Any CPU = Debug|Any CPU
		Release|Any CPU = Release|Any CPU
	EndGlobalSection
	GlobalSection(ProjectConfigurationPlatforms) = postSolution
		{A88A3C68-DD11-4C24-B737-232707C8F4DA}.Debug|Any CPU.ActiveCfg = Debug|Any CPU
		{A88A3C68-DD11-4C24-B737-232707C8F4DA}.Debug|Any CPU.Build.0 = Debug|Any CPU
		{A88A3C68-DD11-4C24-B737-232707C8F4DA}.Release|Any CPU.ActiveCfg = Release|Any CPU
		{A88A3C68-DD11-4C24-B737-232707C8F4DA}.Release|Any CPU.Build.0 = Release|Any CPU
	EndGlobalSection
	GlobalSection(SolutionProperties) = preSolution
		HideSolutionNode = FALSE
	EndGlobalSection
	GlobalSection(ExtensibilityGlobals) = postSolution
		SolutionGuid = {E5AEC87D-C39D-4F19-82C7-A6F3C99F93F9}
	EndGlobalSection
EndGlobal
